
Microsoft Visual Studio Solution File, Format Version 12.00
# Visual Studio Version 16
VisualStudioVersion = 16.0.34729.46
MinimumVisualStudioVersion = 10.0.40219.1
Project("{FAE04EC0-301F-11D3-BF4B-00C04F79EFBC}") = "UsaVisa", "UsaVisa\UsaVisa.csproj", "{3E8B150D-DCAF-4AD0-88FF-A36E9A9BFC4F}"
EndProject
Global
	GlobalSection(SolutionConfigurationPlatforms) = preSolution
		Debug|Any CPU = Debug|Any CPU
		Release|Any CPU = Release|Any CPU
	EndGlobalSection
	GlobalSection(ProjectConfigurationPlatforms) = postSolution
		{3E8B150D-DCAF-4AD0-88FF-A36E9A9BFC4F}.Debug|Any CPU.ActiveCfg = Debug|Any CPU
		{3E8B150D-DCAF-4AD0-88FF-A36E9A9BFC4F}.Debug|Any CPU.Build.0 = Debug|Any CPU
		{3E8B150D-DCAF-4AD0-88FF-A36E9A9BFC4F}.Release|Any CPU.ActiveCfg = Release|Any CPU
		{3E8B150D-DCAF-4AD0-88FF-A36E9A9BFC4F}.Release|Any CPU.Build.0 = Release|Any CPU
	EndGlobalSection
	GlobalSection(SolutionProperties) = preSolution
		HideSolutionNode = FALSE
	EndGlobalSection
	GlobalSection(ExtensibilityGlobals) = postSolution
		SolutionGuid = {6CC47682-70FD-4864-99B8-84426B484639}
	EndGlobalSection
EndGlobal
